
Microsoft Visual Studio Solution File, Format Version 12.00
# Visual Studio Version 17
VisualStudioVersion = 17.9.34714.143
MinimumVisualStudioVersion = 10.0.40219.1
Project("{9A19103F-16F7-4668-BE54-9A1E7A4F7556}") = "MindeeAPI-OCR", "MindeeAPI-OCR.csproj", "{8308DB73-F363-4206-83EC-B2ACE7D17011}"
EndProject
Project("{2150E333-8FDC-42A3-9474-1A3956D46DE8}") = "Solution Items", "Solution Items", "{F5A0EE19-3E7F-4D8D-9F54-D221ABEE703A}"
	ProjectSection(SolutionItems) = preProject
		Assets\bgImage.jpg = Assets\bgImage.jpg
	EndProjectSection
EndProject
Global
	GlobalSection(SolutionConfigurationPlatforms) = preSolution
		Debug|Any CPU = Debug|Any CPU
		Release|Any CPU = Release|Any CPU
	EndGlobalSection
	GlobalSection(ProjectConfigurationPlatforms) = postSolution
		{8308DB73-F363-4206-83EC-B2ACE7D17011}.Debug|Any CPU.ActiveCfg = Debug|Any CPU
		{8308DB73-F363-4206-83EC-B2ACE7D17011}.Debug|Any CPU.Build.0 = Debug|Any CPU
		{8308DB73-F363-4206-83EC-B2ACE7D17011}.Release|Any CPU.ActiveCfg = Release|Any CPU
		{8308DB73-F363-4206-83EC-B2ACE7D17011}.Release|Any CPU.Build.0 = Release|Any CPU
	EndGlobalSection
	GlobalSection(SolutionProperties) = preSolution
		HideSolutionNode = FALSE
	EndGlobalSection
	GlobalSection(ExtensibilityGlobals) = postSolution
		SolutionGuid = {FC9BAAD5-5080-4FEE-BACA-8F05341BB177}
	EndGlobalSection
EndGlobal
